
Microsoft Visual Studio Solution File, Format Version 12.00
# Visual Studio 15
VisualStudioVersion = 15.0.27703.2035
MinimumVisualStudioVersion = 10.0.40219.1
Project("{8BC9CEB8-8B4A-11D0-8D11-00A0C91BC942}") = "windows_demo_cpp", "windows_demo_cpp\windows_demo_cpp.vcxproj", "{AFE02B24-2335-47B6-ABEA-835DF42941C3}"
EndProject
Global
	GlobalSection(SolutionConfigurationPlatforms) = preSolution
		Debug|x64 = Debug|x64
		Debug|x86 = Debug|x86
		Release|x64 = Release|x64
		Release|x86 = Release|x86
	EndGlobalSection
	GlobalSection(ProjectConfigurationPlatforms) = postSolution
		{AFE02B24-2335-47B6-ABEA-835DF42941C3}.Debug|x64.ActiveCfg = Debug|x64
		{AFE02B24-2335-47B6-ABEA-835DF42941C3}.Debug|x64.Build.0 = Debug|x64
		{AFE02B24-2335-47B6-ABEA-835DF42941C3}.Debug|x86.ActiveCfg = Debug|Win32
		{AFE02B24-2335-47B6-ABEA-835DF42941C3}.Debug|x86.Build.0 = Debug|Win32
		{AFE02B24-2335-47B6-ABEA-835DF42941C3}.Release|x64.ActiveCfg = Release|x64
		{AFE02B24-2335-47B6-ABEA-835DF42941C3}.Release|x64.Build.0 = Release|x64
		{AFE02B24-2335-47B6-ABEA-835DF42941C3}.Release|x86.ActiveCfg = Release|Win32
		{AFE02B24-2335-47B6-ABEA-835DF42941C3}.Release|x86.Build.0 = Release|Win32
	EndGlobalSection
	GlobalSection(SolutionProperties) = preSolution
		HideSolutionNode = FALSE
	EndGlobalSection
	GlobalSection(ExtensibilityGlobals) = postSolution
		SolutionGuid = {18A3DAD6-C7E2-45A7-BBCB-CE9D7B96837E}
	EndGlobalSection
EndGlobal
