
Microsoft Visual Studio Solution File, Format Version 12.00
# Visual Studio 15
VisualStudioVersion = 15.0.28307.489
MinimumVisualStudioVersion = 10.0.40219.1
Project("{FAE04EC0-301F-11D3-BF4B-00C04F79EFBC}") = "ASRStreamingSdk", "ASRStreamingSdk\ASRStreamingSdk.csproj", "{897A8DB4-86CC-4ADE-B526-35096A06333C}"
EndProject
Global
	GlobalSection(SolutionConfigurationPlatforms) = preSolution
		Debug|Any CPU = Debug|Any CPU
		Release|Any CPU = Release|Any CPU
	EndGlobalSection
	GlobalSection(ProjectConfigurationPlatforms) = postSolution
		{897A8DB4-86CC-4ADE-B526-35096A06333C}.Debug|Any CPU.ActiveCfg = Debug|Any CPU
		{897A8DB4-86CC-4ADE-B526-35096A06333C}.Debug|Any CPU.Build.0 = Debug|Any CPU
		{897A8DB4-86CC-4ADE-B526-35096A06333C}.Release|Any CPU.ActiveCfg = Release|Any CPU
		{897A8DB4-86CC-4ADE-B526-35096A06333C}.Release|Any CPU.Build.0 = Release|Any CPU
	EndGlobalSection
	GlobalSection(SolutionProperties) = preSolution
		HideSolutionNode = FALSE
	EndGlobalSection
	GlobalSection(ExtensibilityGlobals) = postSolution
		SolutionGuid = {56523843-1A9E-4278-949D-0DA7C06C7CB1}
	EndGlobalSection
EndGlobal
