// !$*UTF8*$!
{
	archiveVersion = 1;
	classes = {
	};
	objectVersion = 50;
	objects = {

/* Begin PBXBuildFile section */
		3673C3F62970DFBC181AFF21 /* libPods-BaiduASRDemo.a in Frameworks */ = {isa = PBXBuildFile; fileRef = B9BA51AFA1CAC454B2ED6920 /* libPods-BaiduASRDemo.a */; };
		7011FBBE22841E41000E8F33 /* ASRConfig.m in Sources */ = {isa = PBXBuildFile; fileRef = 7011FBBD22841E41000E8F33 /* ASRConfig.m */; };
		7011FBCF22845226000E8F33 /* LoginViewController.m in Sources */ = {isa = PBXBuildFile; fileRef = 7011FBCE22845226000E8F33 /* LoginViewController.m */; };
		7017A39A229554E700AB6F1B /* SettingViewCell.m in Sources */ = {isa = PBXBuildFile; fileRef = 7017A397229554E700AB6F1B /* SettingViewCell.m */; };
		7017A39B229554E700AB6F1B /* SettingViewCell.xib in Resources */ = {isa = PBXBuildFile; fileRef = 7017A398229554E700AB6F1B /* SettingViewCell.xib */; };
		7017A39F229555CA00AB6F1B /* SettingViewCellModel.m in Sources */ = {isa = PBXBuildFile; fileRef = 7017A39E229555CA00AB6F1B /* SettingViewCellModel.m */; };
		7031815B228923990019F915 /* BaiduASR.framework in Frameworks */ = {isa = PBXBuildFile; fileRef = 7031815A228923990019F915 /* BaiduASR.framework */; };
		7031815C228923990019F915 /* BaiduASR.framework in Embed Frameworks */ = {isa = PBXBuildFile; fileRef = 7031815A228923990019F915 /* BaiduASR.framework */; settings = {ATTRIBUTES = (CodeSignOnCopy, RemoveHeadersOnCopy, ); }; };
		708459B52260995200B16A4C /* AppDelegate.m in Sources */ = {isa = PBXBuildFile; fileRef = 708459B42260995200B16A4C /* AppDelegate.m */; };
		708459B82260995200B16A4C /* ViewController.mm in Sources */ = {isa = PBXBuildFile; fileRef = 708459B72260995200B16A4C /* ViewController.mm */; };
		708459BB2260995200B16A4C /* Main.storyboard in Resources */ = {isa = PBXBuildFile; fileRef = 708459B92260995200B16A4C /* Main.storyboard */; };
		708459BD2260995400B16A4C /* Assets.xcassets in Resources */ = {isa = PBXBuildFile; fileRef = 708459BC2260995400B16A4C /* Assets.xcassets */; };
		708459C02260995400B16A4C /* LaunchScreen.storyboard in Resources */ = {isa = PBXBuildFile; fileRef = 708459BE2260995400B16A4C /* LaunchScreen.storyboard */; };
		708459C32260995400B16A4C /* main.m in Sources */ = {isa = PBXBuildFile; fileRef = 708459C22260995400B16A4C /* main.m */; };
		708459CD2260995400B16A4C /* BaiduASRDemoUITests.m in Sources */ = {isa = PBXBuildFile; fileRef = 708459CC2260995400B16A4C /* BaiduASRDemoUITests.m */; };
		708459FB2271AB5E00B16A4C /* SettingViewController.m in Sources */ = {isa = PBXBuildFile; fileRef = 708459FA2271AB5E00B16A4C /* SettingViewController.m */; };
/* End PBXBuildFile section */

/* Begin PBXContainerItemProxy section */
		708459C92260995400B16A4C /* PBXContainerItemProxy */ = {
			isa = PBXContainerItemProxy;
			containerPortal = 708459A82260995200B16A4C /* Project object */;
			proxyType = 1;
			remoteGlobalIDString = 708459AF2260995200B16A4C;
			remoteInfo = BaiduASRDemo;
		};
/* End PBXContainerItemProxy section */

/* Begin PBXCopyFilesBuildPhase section */
		7031815D228923990019F915 /* Embed Frameworks */ = {
			isa = PBXCopyFilesBuildPhase;
			buildActionMask = 2147483647;
			dstPath = "";
			dstSubfolderSpec = 10;
			files = (
				7031815C228923990019F915 /* BaiduASR.framework in Embed Frameworks */,
			);
			name = "Embed Frameworks";
			runOnlyForDeploymentPostprocessing = 0;
		};
/* End PBXCopyFilesBuildPhase section */

/* Begin PBXFileReference section */
		6EDC4A73EC7BA4F7929B2F76 /* Pods-BaiduASRDemo.debug.xcconfig */ = {isa = PBXFileReference; includeInIndex = 1; lastKnownFileType = text.xcconfig; name = "Pods-BaiduASRDemo.debug.xcconfig"; path = "Pods/Target Support Files/Pods-BaiduASRDemo/Pods-BaiduASRDemo.debug.xcconfig"; sourceTree = "<group>"; };
		7011FBBC22841E41000E8F33 /* ASRConfig.h */ = {isa = PBXFileReference; lastKnownFileType = sourcecode.c.h; path = ASRConfig.h; sourceTree = "<group>"; };
		7011FBBD22841E41000E8F33 /* ASRConfig.m */ = {isa = PBXFileReference; lastKnownFileType = sourcecode.c.objc; path = ASRConfig.m; sourceTree = "<group>"; };
		7011FBCD22845226000E8F33 /* LoginViewController.h */ = {isa = PBXFileReference; lastKnownFileType = sourcecode.c.h; path = LoginViewController.h; sourceTree = "<group>"; };
		7011FBCE22845226000E8F33 /* LoginViewController.m */ = {isa = PBXFileReference; lastKnownFileType = sourcecode.c.objc; path = LoginViewController.m; sourceTree = "<group>"; };
		7017A397229554E700AB6F1B /* SettingViewCell.m */ = {isa = PBXFileReference; fileEncoding = 4; lastKnownFileType = sourcecode.c.objc; path = SettingViewCell.m; sourceTree = "<group>"; };
		7017A398229554E700AB6F1B /* SettingViewCell.xib */ = {isa = PBXFileReference; fileEncoding = 4; lastKnownFileType = file.xib; path = SettingViewCell.xib; sourceTree = "<group>"; };
		7017A399229554E700AB6F1B /* SettingViewCell.h */ = {isa = PBXFileReference; fileEncoding = 4; lastKnownFileType = sourcecode.c.h; path = SettingViewCell.h; sourceTree = "<group>"; };
		7017A39D229555CA00AB6F1B /* SettingViewCellModel.h */ = {isa = PBXFileReference; lastKnownFileType = sourcecode.c.h; path = SettingViewCellModel.h; sourceTree = "<group>"; };
		7017A39E229555CA00AB6F1B /* SettingViewCellModel.m */ = {isa = PBXFileReference; lastKnownFileType = sourcecode.c.objc; path = SettingViewCellModel.m; sourceTree = "<group>"; };
		7031815A228923990019F915 /* BaiduASR.framework */ = {isa = PBXFileReference; explicitFileType = wrapper.framework; path = BaiduASR.framework; sourceTree = BUILT_PRODUCTS_DIR; };
		708459B02260995200B16A4C /* BaiduASRDemo.app */ = {isa = PBXFileReference; explicitFileType = wrapper.application; includeInIndex = 0; path = BaiduASRDemo.app; sourceTree = BUILT_PRODUCTS_DIR; };
		708459B32260995200B16A4C /* AppDelegate.h */ = {isa = PBXFileReference; lastKnownFileType = sourcecode.c.h; path = AppDelegate.h; sourceTree = "<group>"; };
		708459B42260995200B16A4C /* AppDelegate.m */ = {isa = PBXFileReference; lastKnownFileType = sourcecode.c.objc; path = AppDelegate.m; sourceTree = "<group>"; };
		708459B62260995200B16A4C /* ViewController.h */ = {isa = PBXFileReference; lastKnownFileType = sourcecode.c.h; path = ViewController.h; sourceTree = "<group>"; };
		708459B72260995200B16A4C /* ViewController.mm */ = {isa = PBXFileReference; lastKnownFileType = sourcecode.cpp.objcpp; path = ViewController.mm; sourceTree = "<group>"; };
		708459BA2260995200B16A4C /* Base */ = {isa = PBXFileReference; lastKnownFileType = file.storyboard; name = Base; path = Base.lproj/Main.storyboard; sourceTree = "<group>"; };
		708459BC2260995400B16A4C /* Assets.xcassets */ = {isa = PBXFileReference; lastKnownFileType = folder.assetcatalog; path = Assets.xcassets; sourceTree = "<group>"; };
		708459BF2260995400B16A4C /* Base */ = {isa = PBXFileReference; lastKnownFileType = file.storyboard; name = Base; path = Base.lproj/LaunchScreen.storyboard; sourceTree = "<group>"; };
		708459C12260995400B16A4C /* Info.plist */ = {isa = PBXFileReference; lastKnownFileType = text.plist.xml; path = Info.plist; sourceTree = "<group>"; };
		708459C22260995400B16A4C /* main.m */ = {isa = PBXFileReference; lastKnownFileType = sourcecode.c.objc; path = main.m; sourceTree = "<group>"; };
		708459C82260995400B16A4C /* BaiduASRDemoUITests.xctest */ = {isa = PBXFileReference; explicitFileType = wrapper.cfbundle; includeInIndex = 0; path = BaiduASRDemoUITests.xctest; sourceTree = BUILT_PRODUCTS_DIR; };
		708459CC2260995400B16A4C /* BaiduASRDemoUITests.m */ = {isa = PBXFileReference; lastKnownFileType = sourcecode.c.objc; path = BaiduASRDemoUITests.m; sourceTree = "<group>"; };
		708459CE2260995400B16A4C /* Info.plist */ = {isa = PBXFileReference; lastKnownFileType = text.plist.xml; path = Info.plist; sourceTree = "<group>"; };
		708459F92271AB5E00B16A4C /* SettingViewController.h */ = {isa = PBXFileReference; lastKnownFileType = sourcecode.c.h; path = SettingViewController.h; sourceTree = "<group>"; };
		708459FA2271AB5E00B16A4C /* SettingViewController.m */ = {isa = PBXFileReference; lastKnownFileType = sourcecode.c.objc; path = SettingViewController.m; sourceTree = "<group>"; };
		B9BA51AFA1CAC454B2ED6920 /* libPods-BaiduASRDemo.a */ = {isa = PBXFileReference; explicitFileType = archive.ar; includeInIndex = 0; path = "libPods-BaiduASRDemo.a"; sourceTree = BUILT_PRODUCTS_DIR; };
		EFC7C8C095B6C8B85A81F76C /* Pods-BaiduASRDemo.release.xcconfig */ = {isa = PBXFileReference; includeInIndex = 1; lastKnownFileType = text.xcconfig; name = "Pods-BaiduASRDemo.release.xcconfig"; path = "Pods/Target Support Files/Pods-BaiduASRDemo/Pods-BaiduASRDemo.release.xcconfig"; sourceTree = "<group>"; };
/* End PBXFileReference section */

/* Begin PBXFrameworksBuildPhase section */
		708459AD2260995200B16A4C /* Frameworks */ = {
			isa = PBXFrameworksBuildPhase;
			buildActionMask = 2147483647;
			files = (
				3673C3F62970DFBC181AFF21 /* libPods-BaiduASRDemo.a in Frameworks */,
				7031815B228923990019F915 /* BaiduASR.framework in Frameworks */,
			);
			runOnlyForDeploymentPostprocessing = 0;
		};
		708459C52260995400B16A4C /* Frameworks */ = {
			isa = PBXFrameworksBuildPhase;
			buildActionMask = 2147483647;
			files = (
			);
			runOnlyForDeploymentPostprocessing = 0;
		};
/* End PBXFrameworksBuildPhase section */

/* Begin PBXGroup section */
		7017A396229554E700AB6F1B /* Views */ = {
			isa = PBXGroup;
			children = (
				7017A399229554E700AB6F1B /* SettingViewCell.h */,
				7017A397229554E700AB6F1B /* SettingViewCell.m */,
				7017A398229554E700AB6F1B /* SettingViewCell.xib */,
			);
			path = Views;
			sourceTree = "<group>";
		};
		7017A39C229555AF00AB6F1B /* Models */ = {
			isa = PBXGroup;
			children = (
				7017A39D229555CA00AB6F1B /* SettingViewCellModel.h */,
				7017A39E229555CA00AB6F1B /* SettingViewCellModel.m */,
			);
			path = Models;
			sourceTree = "<group>";
		};
		708459A72260995200B16A4C = {
			isa = PBXGroup;
			children = (
				7031815A228923990019F915 /* BaiduASR.framework */,
				708459B22260995200B16A4C /* BaiduASRDemo */,
				708459CB2260995400B16A4C /* BaiduASRDemoUITests */,
				708459B12260995200B16A4C /* Products */,
				D43BA780298329EDD8407B29 /* Pods */,
				BCC1FAE24D49852A8FFB8ADC /* Frameworks */,
			);
			sourceTree = "<group>";
		};
		708459B12260995200B16A4C /* Products */ = {
			isa = PBXGroup;
			children = (
				708459B02260995200B16A4C /* BaiduASRDemo.app */,
				708459C82260995400B16A4C /* BaiduASRDemoUITests.xctest */,
			);
			name = Products;
			sourceTree = "<group>";
		};
		708459B22260995200B16A4C /* BaiduASRDemo */ = {
			isa = PBXGroup;
			children = (
				708459B32260995200B16A4C /* AppDelegate.h */,
				708459B42260995200B16A4C /* AppDelegate.m */,
				708459B62260995200B16A4C /* ViewController.h */,
				708459B72260995200B16A4C /* ViewController.mm */,
				708459F92271AB5E00B16A4C /* SettingViewController.h */,
				708459FA2271AB5E00B16A4C /* SettingViewController.m */,
				7011FBCD22845226000E8F33 /* LoginViewController.h */,
				7011FBCE22845226000E8F33 /* LoginViewController.m */,
				7011FBBC22841E41000E8F33 /* ASRConfig.h */,
				7011FBBD22841E41000E8F33 /* ASRConfig.m */,
				7017A39C229555AF00AB6F1B /* Models */,
				7017A396229554E700AB6F1B /* Views */,
				708459B92260995200B16A4C /* Main.storyboard */,
				708459BC2260995400B16A4C /* Assets.xcassets */,
				708459BE2260995400B16A4C /* LaunchScreen.storyboard */,
				708459C12260995400B16A4C /* Info.plist */,
				708459C22260995400B16A4C /* main.m */,
			);
			path = BaiduASRDemo;
			sourceTree = "<group>";
		};
		708459CB2260995400B16A4C /* BaiduASRDemoUITests */ = {
			isa = PBXGroup;
			children = (
				708459CC2260995400B16A4C /* BaiduASRDemoUITests.m */,
				708459CE2260995400B16A4C /* Info.plist */,
			);
			path = BaiduASRDemoUITests;
			sourceTree = "<group>";
		};
		BCC1FAE24D49852A8FFB8ADC /* Frameworks */ = {
			isa = PBXGroup;
			children = (
				B9BA51AFA1CAC454B2ED6920 /* libPods-BaiduASRDemo.a */,
			);
			name = Frameworks;
			sourceTree = "<group>";
		};
		D43BA780298329EDD8407B29 /* Pods */ = {
			isa = PBXGroup;
			children = (
				6EDC4A73EC7BA4F7929B2F76 /* Pods-BaiduASRDemo.debug.xcconfig */,
				EFC7C8C095B6C8B85A81F76C /* Pods-BaiduASRDemo.release.xcconfig */,
			);
			name = Pods;
			sourceTree = "<group>";
		};
/* End PBXGroup section */

/* Begin PBXNativeTarget section */
		708459AF2260995200B16A4C /* BaiduASRDemo */ = {
			isa = PBXNativeTarget;
			buildConfigurationList = 708459D12260995400B16A4C /* Build configuration list for PBXNativeTarget "BaiduASRDemo" */;
			buildPhases = (
				801C9D3A46FAE3655880AE1B /* [CP] Check Pods Manifest.lock */,
				708459AC2260995200B16A4C /* Sources */,
				708459AD2260995200B16A4C /* Frameworks */,
				708459AE2260995200B16A4C /* Resources */,
				7031815D228923990019F915 /* Embed Frameworks */,
			);
			buildRules = (
			);
			dependencies = (
			);
			name = BaiduASRDemo;
			productName = BaiduASRDemo;
			productReference = 708459B02260995200B16A4C /* BaiduASRDemo.app */;
			productType = "com.apple.product-type.application";
		};
		708459C72260995400B16A4C /* BaiduASRDemoUITests */ = {
			isa = PBXNativeTarget;
			buildConfigurationList = 708459D42260995400B16A4C /* Build configuration list for PBXNativeTarget "BaiduASRDemoUITests" */;
			buildPhases = (
				708459C42260995400B16A4C /* Sources */,
				708459C52260995400B16A4C /* Frameworks */,
				708459C62260995400B16A4C /* Resources */,
			);
			buildRules = (
			);
			dependencies = (
				708459CA2260995400B16A4C /* PBXTargetDependency */,
			);
			name = BaiduASRDemoUITests;
			productName = BaiduASRDemoUITests;
			productReference = 708459C82260995400B16A4C /* BaiduASRDemoUITests.xctest */;
			productType = "com.apple.product-type.bundle.ui-testing";
		};
/* End PBXNativeTarget section */

/* Begin PBXProject section */
		708459A82260995200B16A4C /* Project object */ = {
			isa = PBXProject;
			attributes = {
				LastUpgradeCheck = 1020;
				ORGANIZATIONNAME = Cloud;
				TargetAttributes = {
					708459AF2260995200B16A4C = {
						CreatedOnToolsVersion = 10.2;
					};
					708459C72260995400B16A4C = {
						CreatedOnToolsVersion = 10.2;
						TestTargetID = 708459AF2260995200B16A4C;
					};
				};
			};
			buildConfigurationList = 708459AB2260995200B16A4C /* Build configuration list for PBXProject "BaiduASRDemo" */;
			compatibilityVersion = "Xcode 9.3";
			developmentRegion = en;
			hasScannedForEncodings = 0;
			knownRegions = (
				en,
				Base,
			);
			mainGroup = 708459A72260995200B16A4C;
			productRefGroup = 708459B12260995200B16A4C /* Products */;
			projectDirPath = "";
			projectRoot = "";
			targets = (
				708459AF2260995200B16A4C /* BaiduASRDemo */,
				708459C72260995400B16A4C /* BaiduASRDemoUITests */,
			);
		};
/* End PBXProject section */

/* Begin PBXResourcesBuildPhase section */
		708459AE2260995200B16A4C /* Resources */ = {
			isa = PBXResourcesBuildPhase;
			buildActionMask = 2147483647;
			files = (
				708459C02260995400B16A4C /* LaunchScreen.storyboard in Resources */,
				7017A39B229554E700AB6F1B /* SettingViewCell.xib in Resources */,
				708459BD2260995400B16A4C /* Assets.xcassets in Resources */,
				708459BB2260995200B16A4C /* Main.storyboard in Resources */,
			);
			runOnlyForDeploymentPostprocessing = 0;
		};
		708459C62260995400B16A4C /* Resources */ = {
			isa = PBXResourcesBuildPhase;
			buildActionMask = 2147483647;
			files = (
			);
			runOnlyForDeploymentPostprocessing = 0;
		};
/* End PBXResourcesBuildPhase section */

/* Begin PBXShellScriptBuildPhase section */
		801C9D3A46FAE3655880AE1B /* [CP] Check Pods Manifest.lock */ = {
			isa = PBXShellScriptBuildPhase;
			buildActionMask = 2147483647;
			files = (
			);
			inputFileListPaths = (
			);
			inputPaths = (
				"${PODS_PODFILE_DIR_PATH}/Podfile.lock",
				"${PODS_ROOT}/Manifest.lock",
			);
			name = "[CP] Check Pods Manifest.lock";
			outputFileListPaths = (
			);
			outputPaths = (
				"$(DERIVED_FILE_DIR)/Pods-BaiduASRDemo-checkManifestLockResult.txt",
			);
			runOnlyForDeploymentPostprocessing = 0;
			shellPath = /bin/sh;
			shellScript = "diff \"${PODS_PODFILE_DIR_PATH}/Podfile.lock\" \"${PODS_ROOT}/Manifest.lock\" > /dev/null\nif [ $? != 0 ] ; then\n    # print error to STDERR\n    echo \"error: The sandbox is not in sync with the Podfile.lock. Run 'pod install' or update your CocoaPods installation.\" >&2\n    exit 1\nfi\n# This output is used by Xcode 'outputs' to avoid re-running this script phase.\necho \"SUCCESS\" > \"${SCRIPT_OUTPUT_FILE_0}\"\n";
			showEnvVarsInLog = 0;
		};
/* End PBXShellScriptBuildPhase section */

/* Begin PBXSourcesBuildPhase section */
		708459AC2260995200B16A4C /* Sources */ = {
			isa = PBXSourcesBuildPhase;
			buildActionMask = 2147483647;
			files = (
				708459B82260995200B16A4C /* ViewController.mm in Sources */,
				7011FBBE22841E41000E8F33 /* ASRConfig.m in Sources */,
				7011FBCF22845226000E8F33 /* LoginViewController.m in Sources */,
				7017A39F229555CA00AB6F1B /* SettingViewCellModel.m in Sources */,
				708459C32260995400B16A4C /* main.m in Sources */,
				708459FB2271AB5E00B16A4C /* SettingViewController.m in Sources */,
				708459B52260995200B16A4C /* AppDelegate.m in Sources */,
				7017A39A229554E700AB6F1B /* SettingViewCell.m in Sources */,
			);
			runOnlyForDeploymentPostprocessing = 0;
		};
		708459C42260995400B16A4C /* Sources */ = {
			isa = PBXSourcesBuildPhase;
			buildActionMask = 2147483647;
			files = (
				708459CD2260995400B16A4C /* BaiduASRDemoUITests.m in Sources */,
			);
			runOnlyForDeploymentPostprocessing = 0;
		};
/* End PBXSourcesBuildPhase section */

/* Begin PBXTargetDependency section */
		708459CA2260995400B16A4C /* PBXTargetDependency */ = {
			isa = PBXTargetDependency;
			target = 708459AF2260995200B16A4C /* BaiduASRDemo */;
			targetProxy = 708459C92260995400B16A4C /* PBXContainerItemProxy */;
		};
/* End PBXTargetDependency section */

/* Begin PBXVariantGroup section */
		708459B92260995200B16A4C /* Main.storyboard */ = {
			isa = PBXVariantGroup;
			children = (
				708459BA2260995200B16A4C /* Base */,
			);
			name = Main.storyboard;
			sourceTree = "<group>";
		};
		708459BE2260995400B16A4C /* LaunchScreen.storyboard */ = {
			isa = PBXVariantGroup;
			children = (
				708459BF2260995400B16A4C /* Base */,
			);
			name = LaunchScreen.storyboard;
			sourceTree = "<group>";
		};
/* End PBXVariantGroup section */

/* Begin XCBuildConfiguration section */
		708459CF2260995400B16A4C /* Debug */ = {
			isa = XCBuildConfiguration;
			buildSettings = {
				ALWAYS_SEARCH_USER_PATHS = NO;
				CLANG_ANALYZER_NONNULL = YES;
				CLANG_ANALYZER_NUMBER_OBJECT_CONVERSION = YES_AGGRESSIVE;
				CLANG_CXX_LANGUAGE_STANDARD = "gnu++14";
				CLANG_CXX_LIBRARY = "libc++";
				CLANG_ENABLE_MODULES = YES;
				CLANG_ENABLE_OBJC_ARC = YES;
				CLANG_ENABLE_OBJC_WEAK = YES;
				CLANG_WARN_BLOCK_CAPTURE_AUTORELEASING = YES;
				CLANG_WARN_BOOL_CONVERSION = YES;
				CLANG_WARN_COMMA = YES;
				CLANG_WARN_CONSTANT_CONVERSION = YES;
				CLANG_WARN_DEPRECATED_OBJC_IMPLEMENTATIONS = YES;
				CLANG_WARN_DIRECT_OBJC_ISA_USAGE = YES_ERROR;
				CLANG_WARN_DOCUMENTATION_COMMENTS = YES;
				CLANG_WARN_EMPTY_BODY = YES;
				CLANG_WARN_ENUM_CONVERSION = YES;
				CLANG_WARN_INFINITE_RECURSION = YES;
				CLANG_WARN_INT_CONVERSION = YES;
				CLANG_WARN_NON_LITERAL_NULL_CONVERSION = YES;
				CLANG_WARN_OBJC_IMPLICIT_RETAIN_SELF = YES;
				CLANG_WARN_OBJC_LITERAL_CONVERSION = YES;
				CLANG_WARN_OBJC_ROOT_CLASS = YES_ERROR;
				CLANG_WARN_RANGE_LOOP_ANALYSIS = YES;
				CLANG_WARN_STRICT_PROTOTYPES = YES;
				CLANG_WARN_SUSPICIOUS_MOVE = YES;
				CLANG_WARN_UNGUARDED_AVAILABILITY = YES_AGGRESSIVE;
				CLANG_WARN_UNREACHABLE_CODE = YES;
				CLANG_WARN__DUPLICATE_METHOD_MATCH = YES;
				CODE_SIGN_IDENTITY = "iPhone Developer";
				COPY_PHASE_STRIP = NO;
				DEBUG_INFORMATION_FORMAT = dwarf;
				ENABLE_STRICT_OBJC_MSGSEND = YES;
				ENABLE_TESTABILITY = YES;
				GCC_C_LANGUAGE_STANDARD = gnu11;
				GCC_DYNAMIC_NO_PIC = NO;
				GCC_NO_COMMON_BLOCKS = YES;
				GCC_OPTIMIZATION_LEVEL = 0;
				GCC_PREPROCESSOR_DEFINITIONS = (
					"DEBUG=1",
					"$(inherited)",
				);
				GCC_WARN_64_TO_32_BIT_CONVERSION = YES;
				GCC_WARN_ABOUT_RETURN_TYPE = YES_ERROR;
				GCC_WARN_UNDECLARED_SELECTOR = YES;
				GCC_WARN_UNINITIALIZED_AUTOS = YES_AGGRESSIVE;
				GCC_WARN_UNUSED_FUNCTION = YES;
				GCC_WARN_UNUSED_VARIABLE = YES;
				IPHONEOS_DEPLOYMENT_TARGET = 12.2;
				MTL_ENABLE_DEBUG_INFO = INCLUDE_SOURCE;
				MTL_FAST_MATH = YES;
				ONLY_ACTIVE_ARCH = YES;
				SDKROOT = iphoneos;
			};
			name = Debug;
		};
		708459D02260995400B16A4C /* Release */ = {
			isa = XCBuildConfiguration;
			buildSettings = {
				ALWAYS_SEARCH_USER_PATHS = NO;
				CLANG_ANALYZER_NONNULL = YES;
				CLANG_ANALYZER_NUMBER_OBJECT_CONVERSION = YES_AGGRESSIVE;
				CLANG_CXX_LANGUAGE_STANDARD = "gnu++14";
				CLANG_CXX_LIBRARY = "libc++";
				CLANG_ENABLE_MODULES = YES;
				CLANG_ENABLE_OBJC_ARC = YES;
				CLANG_ENABLE_OBJC_WEAK = YES;
				CLANG_WARN_BLOCK_CAPTURE_AUTORELEASING = YES;
				CLANG_WARN_BOOL_CONVERSION = YES;
				CLANG_WARN_COMMA = YES;
				CLANG_WARN_CONSTANT_CONVERSION = YES;
				CLANG_WARN_DEPRECATED_OBJC_IMPLEMENTATIONS = YES;
				CLANG_WARN_DIRECT_OBJC_ISA_USAGE = YES_ERROR;
				CLANG_WARN_DOCUMENTATION_COMMENTS = YES;
				CLANG_WARN_EMPTY_BODY = YES;
				CLANG_WARN_ENUM_CONVERSION = YES;
				CLANG_WARN_INFINITE_RECURSION = YES;
				CLANG_WARN_INT_CONVERSION = YES;
				CLANG_WARN_NON_LITERAL_NULL_CONVERSION = YES;
				CLANG_WARN_OBJC_IMPLICIT_RETAIN_SELF = YES;
				CLANG_WARN_OBJC_LITERAL_CONVERSION = YES;
				CLANG_WARN_OBJC_ROOT_CLASS = YES_ERROR;
				CLANG_WARN_RANGE_LOOP_ANALYSIS = YES;
				CLANG_WARN_STRICT_PROTOTYPES = YES;
				CLANG_WARN_SUSPICIOUS_MOVE = YES;
				CLANG_WARN_UNGUARDED_AVAILABILITY = YES_AGGRESSIVE;
				CLANG_WARN_UNREACHABLE_CODE = YES;
				CLANG_WARN__DUPLICATE_METHOD_MATCH = YES;
				CODE_SIGN_IDENTITY = "iPhone Developer";
				COPY_PHASE_STRIP = NO;
				DEBUG_INFORMATION_FORMAT = "dwarf-with-dsym";
				ENABLE_NS_ASSERTIONS = NO;
				ENABLE_STRICT_OBJC_MSGSEND = YES;
				GCC_C_LANGUAGE_STANDARD = gnu11;
				GCC_NO_COMMON_BLOCKS = YES;
				GCC_WARN_64_TO_32_BIT_CONVERSION = YES;
				GCC_WARN_ABOUT_RETURN_TYPE = YES_ERROR;
				GCC_WARN_UNDECLARED_SELECTOR = YES;
				GCC_WARN_UNINITIALIZED_AUTOS = YES_AGGRESSIVE;
				GCC_WARN_UNUSED_FUNCTION = YES;
				GCC_WARN_UNUSED_VARIABLE = YES;
				IPHONEOS_DEPLOYMENT_TARGET = 12.2;
				MTL_ENABLE_DEBUG_INFO = NO;
				MTL_FAST_MATH = YES;
				SDKROOT = iphoneos;
				VALIDATE_PRODUCT = YES;
			};
			name = Release;
		};
		708459D22260995400B16A4C /* Debug */ = {
			isa = XCBuildConfiguration;
			baseConfigurationReference = 6EDC4A73EC7BA4F7929B2F76 /* Pods-BaiduASRDemo.debug.xcconfig */;
			buildSettings = {
				ASSETCATALOG_COMPILER_APPICON_NAME = AppIcon;
				CODE_SIGN_IDENTITY = "iPhone Developer";
				CODE_SIGN_STYLE = Automatic;
				DEVELOPMENT_TEAM = C789GLWV85;
				FRAMEWORK_SEARCH_PATHS = (
					"$(inherited)",
					"$(PROJECT_DIR)",
				);
				INFOPLIST_FILE = BaiduASRDemo/Info.plist;
				IPHONEOS_DEPLOYMENT_TARGET = 9.0;
				LD_RUNPATH_SEARCH_PATHS = (
					"$(inherited)",
					"@executable_path/Frameworks",
				);
				ONLY_ACTIVE_ARCH = YES;
				PRODUCT_BUNDLE_IDENTIFIER = com.baidu.rimdemo;
				PRODUCT_NAME = "$(TARGET_NAME)";
				PROVISIONING_PROFILE_SPECIFIER = "";
				TARGETED_DEVICE_FAMILY = "1,2";
			};
			name = Debug;
		};
		708459D32260995400B16A4C /* Release */ = {
			isa = XCBuildConfiguration;
			baseConfigurationReference = EFC7C8C095B6C8B85A81F76C /* Pods-BaiduASRDemo.release.xcconfig */;
			buildSettings = {
				ASSETCATALOG_COMPILER_APPICON_NAME = AppIcon;
				CODE_SIGN_IDENTITY = "iPhone Developer";
				CODE_SIGN_STYLE = Automatic;
				DEVELOPMENT_TEAM = C789GLWV85;
				FRAMEWORK_SEARCH_PATHS = (
					"$(inherited)",
					"$(PROJECT_DIR)",
				);
				INFOPLIST_FILE = BaiduASRDemo/Info.plist;
				IPHONEOS_DEPLOYMENT_TARGET = 9.0;
				LD_RUNPATH_SEARCH_PATHS = (
					"$(inherited)",
					"@executable_path/Frameworks",
				);
				ONLY_ACTIVE_ARCH = YES;
				PRODUCT_BUNDLE_IDENTIFIER = com.baidu.rimdemo;
				PRODUCT_NAME = "$(TARGET_NAME)";
				PROVISIONING_PROFILE_SPECIFIER = "";
				TARGETED_DEVICE_FAMILY = "1,2";
			};
			name = Release;
		};
		708459D52260995400B16A4C /* Debug */ = {
			isa = XCBuildConfiguration;
			buildSettings = {
				CODE_SIGN_STYLE = Automatic;
				DEVELOPMENT_TEAM = "";
				INFOPLIST_FILE = BaiduASRDemoUITests/Info.plist;
				LD_RUNPATH_SEARCH_PATHS = (
					"$(inherited)",
					"@executable_path/Frameworks",
					"@loader_path/Frameworks",
				);
				PRODUCT_BUNDLE_IDENTIFIER = Baidu.BaiduASRDemoUITests;
				PRODUCT_NAME = "$(TARGET_NAME)";
				TARGETED_DEVICE_FAMILY = "1,2";
				TEST_TARGET_NAME = BaiduASRDemo;
			};
			name = Debug;
		};
		708459D62260995400B16A4C /* Release */ = {
			isa = XCBuildConfiguration;
			buildSettings = {
				CODE_SIGN_STYLE = Automatic;
				DEVELOPMENT_TEAM = "";
				INFOPLIST_FILE = BaiduASRDemoUITests/Info.plist;
				LD_RUNPATH_SEARCH_PATHS = (
					"$(inherited)",
					"@executable_path/Frameworks",
					"@loader_path/Frameworks",
				);
				PRODUCT_BUNDLE_IDENTIFIER = Baidu.BaiduASRDemoUITests;
				PRODUCT_NAME = "$(TARGET_NAME)";
				TARGETED_DEVICE_FAMILY = "1,2";
				TEST_TARGET_NAME = BaiduASRDemo;
			};
			name = Release;
		};
/* End XCBuildConfiguration section */

/* Begin XCConfigurationList section */
		708459AB2260995200B16A4C /* Build configuration list for PBXProject "BaiduASRDemo" */ = {
			isa = XCConfigurationList;
			buildConfigurations = (
				708459CF2260995400B16A4C /* Debug */,
				708459D02260995400B16A4C /* Release */,
			);
			defaultConfigurationIsVisible = 0;
			defaultConfigurationName = Release;
		};
		708459D12260995400B16A4C /* Build configuration list for PBXNativeTarget "BaiduASRDemo" */ = {
			isa = XCConfigurationList;
			buildConfigurations = (
				708459D22260995400B16A4C /* Debug */,
				708459D32260995400B16A4C /* Release */,
			);
			defaultConfigurationIsVisible = 0;
			defaultConfigurationName = Release;
		};
		708459D42260995400B16A4C /* Build configuration list for PBXNativeTarget "BaiduASRDemoUITests" */ = {
			isa = XCConfigurationList;
			buildConfigurations = (
				708459D52260995400B16A4C /* Debug */,
				708459D62260995400B16A4C /* Release */,
			);
			defaultConfigurationIsVisible = 0;
			defaultConfigurationName = Release;
		};
/* End XCConfigurationList section */
	};
	rootObject = 708459A82260995200B16A4C /* Project object */;
}
